{
  "requires": true,
  "lockfileVersion": 1,
  "dependencies": {
    "@angular/common": {
      "version": "2.4.10",
      "resolved": "https://registry.npmjs.org/@angular/common/-/common-2.4.10.tgz",
      "integrity": "sha512-ExCbb/jTH4mGopV2M3+Ya1yFL3p7rA/gtL023bp9lxp1CD8LxjxcWCy5d/BkWBAVKEYjBasAW6UhrrnbNKx1ZA=="
    },
    "@angular/compiler": {
      "version": "2.4.10",
      "resolved": "https://registry.npmjs.org/@angular/compiler/-/compiler-2.4.10.tgz",
      "integrity": "sha512-woq5GMFIV+50YebpZLqX1eV8X4lH2z8V692zx2Gi/eCzkWsGkvcRSTk+oMahlbCyM786zCe8oQvCZyGFxYLpfA=="
    },
    "@angular/core": {
      "version": "2.4.10",
      "resolved": "https://registry.npmjs.org/@angular/core/-/core-2.4.10.tgz",
      "integrity": "sha512-AJeJONPkuQM3DHEEYBK2j5hEsplIcxt6ltlwo2jadMTiGouUPKsTArjb75c6yDyKBxxoYZ9O//XNy07ODXBtig=="
    },
    "html-element-stringify": {
      "version": "0.2.0",
      "resolved": "https://registry.npmjs.org/html-element-stringify/-/html-element-stringify-0.2.0.tgz",
      "integrity": "sha512-sHHv/jdZMwLlTdGlgOe4GU4vq6LankGABVt8G0syyvZzWqfGdaeBbWFr5bd4u3zGNos2hL+yE3mw8Jb0Yogvaw=="
    },
    "inputmask": {
      "version": "5.0.7",
      "resolved": "https://registry.npmjs.org/inputmask/-/inputmask-5.0.7.tgz",
      "integrity": "sha512-rUxbRDS25KEib+c/Ow+K01oprU/+EK9t9SOPC8ov94/ftULGDqj1zOgRU/Hko6uzoKRMdwCfuhAafJ/Wk2wffQ=="
    },
    "jquery": {
      "version": "3.6.1",
      "resolved": "https://registry.npmjs.org/jquery/-/jquery-3.6.1.tgz",
      "integrity": "sha512-opJeO4nCucVnsjiXOE+/PcCgYw9Gwpvs/a6B1LL/lQhwWwpbVEVYDZ1FokFr8PRc7ghYlrFPuyHuiiDNTQxmcw=="
    },
    "moment": {
      "version": "2.29.4",
      "resolved": "https://registry.npmjs.org/moment/-/moment-2.29.4.tgz",
      "integrity": "sha512-5LC9SOxjSc2HF6vO2CyuTDNivEdoz2IvyJJGj6X8DJ0eFyfszE0QiEd+iXmBvUP3WHxSjFH/vIsA0EN00cgr8w=="
    },
    "zone.js": {
      "version": "0.8.29",
      "resolved": "https://registry.npmjs.org/zone.js/-/zone.js-0.8.29.tgz",
      "integrity": "sha512-mla2acNCMkWXBD+c+yeUrBUrzOxYMNFdQ6FGfigGGtEVBPJx07BQeJekjt9DmH1FtZek4E9rE1eRR9qQpxACOQ=="
    }
  }
}
